
Microsoft Visual Studio Solution File, Format Version 12.00
# Visual Studio 2012
Project("{E24C65DC-7377-472B-9ABA-BC803B73C61A}") = "ATMv1", ".", "{B17F1250-D4F7-4822-868D-0E266A5D2015}"
	ProjectSection(WebsiteProperties) = preProject
		TargetFrameworkMoniker = ".NETFramework,Version%3Dv4.0"
		Debug.AspNetCompiler.VirtualPath = "/ATMv1"
		Debug.AspNetCompiler.PhysicalPath = "..\ATMv1\"
		Debug.AspNetCompiler.TargetPath = "PrecompiledWeb\ATMv1\"
		Debug.AspNetCompiler.Updateable = "true"
		Debug.AspNetCompiler.ForceOverwrite = "true"
		Debug.AspNetCompiler.FixedNames = "false"
		Debug.AspNetCompiler.Debug = "True"
		Release.AspNetCompiler.VirtualPath = "/ATMv1"
		Release.AspNetCompiler.PhysicalPath = "..\ATMv1\"
		Release.AspNetCompiler.TargetPath = "PrecompiledWeb\ATMv1\"
		Release.AspNetCompiler.Updateable = "true"
		Release.AspNetCompiler.ForceOverwrite = "true"
		Release.AspNetCompiler.FixedNames = "false"
		Release.AspNetCompiler.Debug = "False"
		VWDPort = "49445"
	EndProjectSection
EndProject
Global
	GlobalSection(SolutionConfigurationPlatforms) = preSolution
		Debug|Any CPU = Debug|Any CPU
	EndGlobalSection
	GlobalSection(ProjectConfigurationPlatforms) = postSolution
		{B17F1250-D4F7-4822-868D-0E266A5D2015}.Debug|Any CPU.ActiveCfg = Debug|Any CPU
		{B17F1250-D4F7-4822-868D-0E266A5D2015}.Debug|Any CPU.Build.0 = Debug|Any CPU
	EndGlobalSection
	GlobalSection(SolutionProperties) = preSolution
		HideSolutionNode = FALSE
	EndGlobalSection
EndGlobal
